{
  "name": "cliPomodoro",
  "version": "1.1.0",
  "lockfileVersion": 2,
  "requires": true,
  "packages": {
    "": {
      "name": "cliPomodoro",
      "version": "1.1.0",
      "license": "ISC",
      "dependencies": {
        "co": "^4.6.0",
        "commander": "^7.2.0",
        "keypress": "^0.2.1",
        "moment": "^2.29.4",
        "one-line-print": "^1.0.0",
        "sound-play": "^1.1.0"
      },
      "bin": {
        "execute": "app.js"
      }
    },
    "node_modules/co": {
      "version": "4.6.0",
      "resolved": "https://registry.npmjs.org/co/-/co-4.6.0.tgz",
      "integrity": "sha512-QVb0dM5HvG+uaxitm8wONl7jltx8dqhfU33DcqtOZcLSVIKSDDLDi7+0LbAKiyI8hD9u42m2YxXSkMGWThaecQ==",
      "engines": {
        "iojs": ">= 1.0.0",
        "node": ">= 0.12.0"
      }
    },
    "node_modules/commander": {
      "version": "7.2.0",
      "resolved": "https://registry.npmjs.org/commander/-/commander-7.2.0.tgz",
      "integrity": "sha512-QrWXB+ZQSVPmIWIhtEO9H+gwHaMGYiF5ChvoJ+K9ZGHG/sVsa6yiesAD1GC/x46sET00Xlwo1u49RVVVzvcSkw==",
      "engines": {
        "node": ">= 10"
      }
    },
    "node_modules/keypress": {
      "version": "0.2.1",
      "resolved": "https://registry.npmjs.org/keypress/-/keypress-0.2.1.tgz",
      "integrity": "sha512-HjorDJFNhnM4SicvaUXac0X77NiskggxJdesG72+O5zBKpSqKFCrqmndKVqpu3pFqkla0St6uGk8Ju0sCurrmg=="
    },
    "node_modules/moment": {
      "version": "2.29.4",
      "resolved": "https://registry.npmjs.org/moment/-/moment-2.29.4.tgz",
      "integrity": "sha512-5LC9SOxjSc2HF6vO2CyuTDNivEdoz2IvyJJGj6X8DJ0eFyfszE0QiEd+iXmBvUP3WHxSjFH/vIsA0EN00cgr8w==",
      "engines": {
        "node": "*"
      }
    },
    "node_modules/one-line-print": {
      "version": "1.0.0",
      "resolved": "https://registry.npmjs.org/one-line-print/-/one-line-print-1.0.0.tgz",
      "integrity": "sha512-UDD9ktiwEiJUqs9L2epOZJUAXX6n5Pj9ctYjZzI+7gbYiE6FQmLsoU1Odis4fqMdLcSs6aFwt8+WO2+BF1uPSg=="
    },
    "node_modules/sound-play": {
      "version": "1.1.0",
      "resolved": "https://registry.npmjs.org/sound-play/-/sound-play-1.1.0.tgz",
      "integrity": "sha512-Bd/L0AoCwITFeOnpNLMsfPXrV5GG5NhrC/T6odveahYbhPZkdTnrFXRia9FCC5WBWdUTw1d+yvLBvi4wnD1xOA=="
    }
  },
  "dependencies": {
    "co": {
      "version": "4.6.0",
      "resolved": "https://registry.npmjs.org/co/-/co-4.6.0.tgz",
      "integrity": "sha512-QVb0dM5HvG+uaxitm8wONl7jltx8dqhfU33DcqtOZcLSVIKSDDLDi7+0LbAKiyI8hD9u42m2YxXSkMGWThaecQ=="
    },
    "commander": {
      "version": "7.2.0",
      "resolved": "https://registry.npmjs.org/commander/-/commander-7.2.0.tgz",
      "integrity": "sha512-QrWXB+ZQSVPmIWIhtEO9H+gwHaMGYiF5ChvoJ+K9ZGHG/sVsa6yiesAD1GC/x46sET00Xlwo1u49RVVVzvcSkw=="
    },
    "keypress": {
      "version": "0.2.1",
      "resolved": "https://registry.npmjs.org/keypress/-/keypress-0.2.1.tgz",
      "integrity": "sha512-HjorDJFNhnM4SicvaUXac0X77NiskggxJdesG72+O5zBKpSqKFCrqmndKVqpu3pFqkla0St6uGk8Ju0sCurrmg=="
    },
    "moment": {
      "version": "2.29.4",
      "resolved": "https://registry.npmjs.org/moment/-/moment-2.29.4.tgz",
      "integrity": "sha512-5LC9SOxjSc2HF6vO2CyuTDNivEdoz2IvyJJGj6X8DJ0eFyfszE0QiEd+iXmBvUP3WHxSjFH/vIsA0EN00cgr8w=="
    },
    "one-line-print": {
      "version": "1.0.0",
      "resolved": "https://registry.npmjs.org/one-line-print/-/one-line-print-1.0.0.tgz",
      "integrity": "sha512-UDD9ktiwEiJUqs9L2epOZJUAXX6n5Pj9ctYjZzI+7gbYiE6FQmLsoU1Odis4fqMdLcSs6aFwt8+WO2+BF1uPSg=="
    },
    "sound-play": {
      "version": "1.1.0",
      "resolved": "https://registry.npmjs.org/sound-play/-/sound-play-1.1.0.tgz",
      "integrity": "sha512-Bd/L0AoCwITFeOnpNLMsfPXrV5GG5NhrC/T6odveahYbhPZkdTnrFXRia9FCC5WBWdUTw1d+yvLBvi4wnD1xOA=="
    }
  }
}
